
Microsoft Visual Studio Solution File, Format Version 12.00
Project("{FAE04EC0-301F-11D3-BF4B-00C04F79EFBC}") = "Figures", "Figures\Figures.csproj", "{2CCCA0D0-8D5C-4DD3-868C-42C5ADAA340A}"
EndProject
Project("{FAE04EC0-301F-11D3-BF4B-00C04F79EFBC}") = "FigureTests", "FigureTests\FigureTests.csproj", "{07FDF1EC-1B12-4770-8F74-CB1E84E0BEF2}"
EndProject
Global
	GlobalSection(SolutionConfigurationPlatforms) = preSolution
		Debug|Any CPU = Debug|Any CPU
		Release|Any CPU = Release|Any CPU
	EndGlobalSection
	GlobalSection(ProjectConfigurationPlatforms) = postSolution
		{2CCCA0D0-8D5C-4DD3-868C-42C5ADAA340A}.Debug|Any CPU.ActiveCfg = Debug|Any CPU
		{2CCCA0D0-8D5C-4DD3-868C-42C5ADAA340A}.Debug|Any CPU.Build.0 = Debug|Any CPU
		{2CCCA0D0-8D5C-4DD3-868C-42C5ADAA340A}.Release|Any CPU.ActiveCfg = Release|Any CPU
		{2CCCA0D0-8D5C-4DD3-868C-42C5ADAA340A}.Release|Any CPU.Build.0 = Release|Any CPU
		{07FDF1EC-1B12-4770-8F74-CB1E84E0BEF2}.Debug|Any CPU.ActiveCfg = Debug|Any CPU
		{07FDF1EC-1B12-4770-8F74-CB1E84E0BEF2}.Debug|Any CPU.Build.0 = Debug|Any CPU
		{07FDF1EC-1B12-4770-8F74-CB1E84E0BEF2}.Release|Any CPU.ActiveCfg = Release|Any CPU
		{07FDF1EC-1B12-4770-8F74-CB1E84E0BEF2}.Release|Any CPU.Build.0 = Release|Any CPU
	EndGlobalSection
EndGlobal
